
Microsoft Visual Studio Solution File, Format Version 12.00
# Visual Studio Version 17
VisualStudioVersion = 17.6.33829.357
MinimumVisualStudioVersion = 10.0.40219.1
Project("{FAE04EC0-301F-11D3-BF4B-00C04F79EFBC}") = "2-Missing Number", "2-Missing Number.csproj", "{FD74E6A8-CA1C-4785-A724-BDB7055415C9}"
EndProject
Global
	GlobalSection(SolutionConfigurationPlatforms) = preSolution
		Debug|Any CPU = Debug|Any CPU
		Release|Any CPU = Release|Any CPU
	EndGlobalSection
	GlobalSection(ProjectConfigurationPlatforms) = postSolution
		{FD74E6A8-CA1C-4785-A724-BDB7055415C9}.Debug|Any CPU.ActiveCfg = Debug|Any CPU
		{FD74E6A8-CA1C-4785-A724-BDB7055415C9}.Debug|Any CPU.Build.0 = Debug|Any CPU
		{FD74E6A8-CA1C-4785-A724-BDB7055415C9}.Release|Any CPU.ActiveCfg = Release|Any CPU
		{FD74E6A8-CA1C-4785-A724-BDB7055415C9}.Release|Any CPU.Build.0 = Release|Any CPU
	EndGlobalSection
	GlobalSection(SolutionProperties) = preSolution
		HideSolutionNode = FALSE
	EndGlobalSection
	GlobalSection(ExtensibilityGlobals) = postSolution
		SolutionGuid = {3E82BC14-F87E-4412-938A-623AC4C8979E}
	EndGlobalSection
EndGlobal
